// !$*UTF8*$!
{
	archiveVersion = 1;
	classes = {
	};
	objectVersion = 48;
	objects = {

/* Begin PBXBuildFile section */
		2F094874200C50E00025DE2F /* Meal.swift in Sources */ = {isa = PBXBuildFile; fileRef = 2F094873200C50E00025DE2F /* Meal.swift */; };
		2F094876200D9E030025DE2F /* MealTableViewCell.swift in Sources */ = {isa = PBXBuildFile; fileRef = 2F094875200D9E030025DE2F /* MealTableViewCell.swift */; };
		2F094878200DB9DE0025DE2F /* MealTableViewController.swift in Sources */ = {isa = PBXBuildFile; fileRef = 2F094877200DB9DE0025DE2F /* MealTableViewController.swift */; };
		2FE1C84A1FF3685C0022FDBC /* AppDelegate.swift in Sources */ = {isa = PBXBuildFile; fileRef = 2FE1C8491FF3685C0022FDBC /* AppDelegate.swift */; };
		2FE1C84C1FF3685C0022FDBC /* MealViewController.swift in Sources */ = {isa = PBXBuildFile; fileRef = 2FE1C84B1FF3685C0022FDBC /* MealViewController.swift */; };
		2FE1C84F1FF3685C0022FDBC /* Main.storyboard in Resources */ = {isa = PBXBuildFile; fileRef = 2FE1C84D1FF3685C0022FDBC /* Main.storyboard */; };
		2FE1C8511FF3685C0022FDBC /* Assets.xcassets in Resources */ = {isa = PBXBuildFile; fileRef = 2FE1C8501FF3685C0022FDBC /* Assets.xcassets */; };
		2FE1C8541FF3685C0022FDBC /* LaunchScreen.storyboard in Resources */ = {isa = PBXBuildFile; fileRef = 2FE1C8521FF3685C0022FDBC /* LaunchScreen.storyboard */; };
		2FE1C85F1FF3685C0022FDBC /* FoodTrackerTests.swift in Sources */ = {isa = PBXBuildFile; fileRef = 2FE1C85E1FF3685C0022FDBC /* FoodTrackerTests.swift */; };
		2FEA91D52005F24500657015 /* RatingControl.swift in Sources */ = {isa = PBXBuildFile; fileRef = 2FEA91D42005F24500657015 /* RatingControl.swift */; };
/* End PBXBuildFile section */

/* Begin PBXContainerItemProxy section */
		2FE1C85B1FF3685C0022FDBC /* PBXContainerItemProxy */ = {
			isa = PBXContainerItemProxy;
			containerPortal = 2FE1C83E1FF3685B0022FDBC /* Project object */;
			proxyType = 1;
			remoteGlobalIDString = 2FE1C8451FF3685B0022FDBC;
			remoteInfo = FoodTracker;
		};
/* End PBXContainerItemProxy section */

/* Begin PBXFileReference section */
		2F094873200C50E00025DE2F /* Meal.swift */ = {isa = PBXFileReference; lastKnownFileType = sourcecode.swift; path = Meal.swift; sourceTree = "<group>"; };
		2F094875200D9E030025DE2F /* MealTableViewCell.swift */ = {isa = PBXFileReference; lastKnownFileType = sourcecode.swift; path = MealTableViewCell.swift; sourceTree = "<group>"; };
		2F094877200DB9DE0025DE2F /* MealTableViewController.swift */ = {isa = PBXFileReference; lastKnownFileType = sourcecode.swift; path = MealTableViewController.swift; sourceTree = "<group>"; };
		2FE1C8461FF3685C0022FDBC /* FoodTracker.app */ = {isa = PBXFileReference; explicitFileType = wrapper.application; includeInIndex = 0; path = FoodTracker.app; sourceTree = BUILT_PRODUCTS_DIR; };
		2FE1C8491FF3685C0022FDBC /* AppDelegate.swift */ = {isa = PBXFileReference; lastKnownFileType = sourcecode.swift; path = AppDelegate.swift; sourceTree = "<group>"; };
		2FE1C84B1FF3685C0022FDBC /* MealViewController.swift */ = {isa = PBXFileReference; lastKnownFileType = sourcecode.swift; path = MealViewController.swift; sourceTree = "<group>"; };
		2FE1C84E1FF3685C0022FDBC /* Base */ = {isa = PBXFileReference; lastKnownFileType = file.storyboard; name = Base; path = Base.lproj/Main.storyboard; sourceTree = "<group>"; };
		2FE1C8501FF3685C0022FDBC /* Assets.xcassets */ = {isa = PBXFileReference; lastKnownFileType = folder.assetcatalog; path = Assets.xcassets; sourceTree = "<group>"; };
		2FE1C8531FF3685C0022FDBC /* Base */ = {isa = PBXFileReference; lastKnownFileType = file.storyboard; name = Base; path = Base.lproj/LaunchScreen.storyboard; sourceTree = "<group>"; };
		2FE1C8551FF3685C0022FDBC /* Info.plist */ = {isa = PBXFileReference; lastKnownFileType = text.plist.xml; path = Info.plist; sourceTree = "<group>"; };
		2FE1C85A1FF3685C0022FDBC /* FoodTrackerTests.xctest */ = {isa = PBXFileReference; explicitFileType = wrapper.cfbundle; includeInIndex = 0; path = FoodTrackerTests.xctest; sourceTree = BUILT_PRODUCTS_DIR; };
		2FE1C85E1FF3685C0022FDBC /* FoodTrackerTests.swift */ = {isa = PBXFileReference; lastKnownFileType = sourcecode.swift; path = FoodTrackerTests.swift; sourceTree = "<group>"; };
		2FE1C8601FF3685C0022FDBC /* Info.plist */ = {isa = PBXFileReference; lastKnownFileType = text.plist.xml; path = Info.plist; sourceTree = "<group>"; };
		2FEA91D42005F24500657015 /* RatingControl.swift */ = {isa = PBXFileReference; lastKnownFileType = sourcecode.swift; path = RatingControl.swift; sourceTree = "<group>"; };
/* End PBXFileReference section */

/* Begin PBXFrameworksBuildPhase section */
		2FE1C8431FF3685B0022FDBC /* Frameworks */ = {
			isa = PBXFrameworksBuildPhase;
			buildActionMask = 2147483647;
			files = (
			);
			runOnlyForDeploymentPostprocessing = 0;
		};
		2FE1C8571FF3685C0022FDBC /* Frameworks */ = {
			isa = PBXFrameworksBuildPhase;
			buildActionMask = 2147483647;
			files = (
			);
			runOnlyForDeploymentPostprocessing = 0;
		};
/* End PBXFrameworksBuildPhase section */

/* Begin PBXGroup section */
		2FE1C83D1FF3685B0022FDBC = {
			isa = PBXGroup;
			children = (
				2FE1C8481FF3685C0022FDBC /* FoodTracker */,
				2FE1C85D1FF3685C0022FDBC /* FoodTrackerTests */,
				2FE1C8471FF3685C0022FDBC /* Products */,
			);
			sourceTree = "<group>";
		};
		2FE1C8471FF3685C0022FDBC /* Products */ = {
			isa = PBXGroup;
			children = (
				2FE1C8461FF3685C0022FDBC /* FoodTracker.app */,
				2FE1C85A1FF3685C0022FDBC /* FoodTrackerTests.xctest */,
			);
			name = Products;
			sourceTree = "<group>";
		};
		2FE1C8481FF3685C0022FDBC /* FoodTracker */ = {
			isa = PBXGroup;
			children = (
				2FE1C8491FF3685C0022FDBC /* AppDelegate.swift */,
				2FE1C84B1FF3685C0022FDBC /* MealViewController.swift */,
				2FEA91D42005F24500657015 /* RatingControl.swift */,
				2F094873200C50E00025DE2F /* Meal.swift */,
				2F094875200D9E030025DE2F /* MealTableViewCell.swift */,
				2FE1C84D1FF3685C0022FDBC /* Main.storyboard */,
				2F094877200DB9DE0025DE2F /* MealTableViewController.swift */,
				2FE1C8501FF3685C0022FDBC /* Assets.xcassets */,
				2FE1C8521FF3685C0022FDBC /* LaunchScreen.storyboard */,
				2FE1C8551FF3685C0022FDBC /* Info.plist */,
			);
			path = FoodTracker;
			sourceTree = "<group>";
		};
		2FE1C85D1FF3685C0022FDBC /* FoodTrackerTests */ = {
			isa = PBXGroup;
			children = (
				2FE1C85E1FF3685C0022FDBC /* FoodTrackerTests.swift */,
				2FE1C8601FF3685C0022FDBC /* Info.plist */,
			);
			path = FoodTrackerTests;
			sourceTree = "<group>";
		};
/* End PBXGroup section */

/* Begin PBXNativeTarget section */
		2FE1C8451FF3685B0022FDBC /* FoodTracker */ = {
			isa = PBXNativeTarget;
			buildConfigurationList = 2FE1C8631FF3685C0022FDBC /* Build configuration list for PBXNativeTarget "FoodTracker" */;
			buildPhases = (
				2FE1C8421FF3685B0022FDBC /* Sources */,
				2FE1C8431FF3685B0022FDBC /* Frameworks */,
				2FE1C8441FF3685B0022FDBC /* Resources */,
			);
			buildRules = (
			);
			dependencies = (
			);
			name = FoodTracker;
			productName = FoodTracker;
			productReference = 2FE1C8461FF3685C0022FDBC /* FoodTracker.app */;
			productType = "com.apple.product-type.application";
		};
		2FE1C8591FF3685C0022FDBC /* FoodTrackerTests */ = {
			isa = PBXNativeTarget;
			buildConfigurationList = 2FE1C8661FF3685C0022FDBC /* Build configuration list for PBXNativeTarget "FoodTrackerTests" */;
			buildPhases = (
				2FE1C8561FF3685C0022FDBC /* Sources */,
				2FE1C8571FF3685C0022FDBC /* Frameworks */,
				2FE1C8581FF3685C0022FDBC /* Resources */,
			);
			buildRules = (
			);
			dependencies = (
				2FE1C85C1FF3685C0022FDBC /* PBXTargetDependency */,
			);
			name = FoodTrackerTests;
			productName = FoodTrackerTests;
			productReference = 2FE1C85A1FF3685C0022FDBC /* FoodTrackerTests.xctest */;
			productType = "com.apple.product-type.bundle.unit-test";
		};
/* End PBXNativeTarget section */

/* Begin PBXProject section */
		2FE1C83E1FF3685B0022FDBC /* Project object */ = {
			isa = PBXProject;
			attributes = {
				LastSwiftUpdateCheck = 0920;
				LastUpgradeCheck = 0920;
				ORGANIZATIONNAME = "鄭英鎮";
				TargetAttributes = {
					2FE1C8451FF3685B0022FDBC = {
						CreatedOnToolsVersion = 9.2;
						ProvisioningStyle = Automatic;
					};
					2FE1C8591FF3685C0022FDBC = {
						CreatedOnToolsVersion = 9.2;
						ProvisioningStyle = Automatic;
						TestTargetID = 2FE1C8451FF3685B0022FDBC;
					};
				};
			};
			buildConfigurationList = 2FE1C8411FF3685B0022FDBC /* Build configuration list for PBXProject "FoodTracker" */;
			compatibilityVersion = "Xcode 8.0";
			developmentRegion = en;
			hasScannedForEncodings = 0;
			knownRegions = (
				en,
				Base,
			);
			mainGroup = 2FE1C83D1FF3685B0022FDBC;
			productRefGroup = 2FE1C8471FF3685C0022FDBC /* Products */;
			projectDirPath = "";
			projectRoot = "";
			targets = (
				2FE1C8451FF3685B0022FDBC /* FoodTracker */,
				2FE1C8591FF3685C0022FDBC /* FoodTrackerTests */,
			);
		};
/* End PBXProject section */

/* Begin PBXResourcesBuildPhase section */
		2FE1C8441FF3685B0022FDBC /* Resources */ = {
			isa = PBXResourcesBuildPhase;
			buildActionMask = 2147483647;
			files = (
				2FE1C8541FF3685C0022FDBC /* LaunchScreen.storyboard in Resources */,
				2FE1C8511FF3685C0022FDBC /* Assets.xcassets in Resources */,
				2FE1C84F1FF3685C0022FDBC /* Main.storyboard in Resources */,
			);
			runOnlyForDeploymentPostprocessing = 0;
		};
		2FE1C8581FF3685C0022FDBC /* Resources */ = {
			isa = PBXResourcesBuildPhase;
			buildActionMask = 2147483647;
			files = (
			);
			runOnlyForDeploymentPostprocessing = 0;
		};
/* End PBXResourcesBuildPhase section */

/* Begin PBXSourcesBuildPhase section */
		2FE1C8421FF3685B0022FDBC /* Sources */ = {
			isa = PBXSourcesBuildPhase;
			buildActionMask = 2147483647;
			files = (
				2F094874200C50E00025DE2F /* Meal.swift in Sources */,
				2FE1C84C1FF3685C0022FDBC /* MealViewController.swift in Sources */,
				2FEA91D52005F24500657015 /* RatingControl.swift in Sources */,
				2FE1C84A1FF3685C0022FDBC /* AppDelegate.swift in Sources */,
				2F094878200DB9DE0025DE2F /* MealTableViewController.swift in Sources */,
				2F094876200D9E030025DE2F /* MealTableViewCell.swift in Sources */,
			);
			runOnlyForDeploymentPostprocessing = 0;
		};
		2FE1C8561FF3685C0022FDBC /* Sources */ = {
			isa = PBXSourcesBuildPhase;
			buildActionMask = 2147483647;
			files = (
				2FE1C85F1FF3685C0022FDBC /* FoodTrackerTests.swift in Sources */,
			);
			runOnlyForDeploymentPostprocessing = 0;
		};
/* End PBXSourcesBuildPhase section */

/* Begin PBXTargetDependency section */
		2FE1C85C1FF3685C0022FDBC /* PBXTargetDependency */ = {
			isa = PBXTargetDependency;
			target = 2FE1C8451FF3685B0022FDBC /* FoodTracker */;
			targetProxy = 2FE1C85B1FF3685C0022FDBC /* PBXContainerItemProxy */;
		};
/* End PBXTargetDependency section */

/* Begin PBXVariantGroup section */
		2FE1C84D1FF3685C0022FDBC /* Main.storyboard */ = {
			isa = PBXVariantGroup;
			children = (
				2FE1C84E1FF3685C0022FDBC /* Base */,
			);
			name = Main.storyboard;
			sourceTree = "<group>";
		};
		2FE1C8521FF3685C0022FDBC /* LaunchScreen.storyboard */ = {
			isa = PBXVariantGroup;
			children = (
				2FE1C8531FF3685C0022FDBC /* Base */,
			);
			name = LaunchScreen.storyboard;
			sourceTree = "<group>";
		};
/* End PBXVariantGroup section */

/* Begin XCBuildConfiguration section */
		2FE1C8611FF3685C0022FDBC /* Debug */ = {
			isa = XCBuildConfiguration;
			buildSettings = {
				ALWAYS_SEARCH_USER_PATHS = NO;
				CLANG_ANALYZER_NONNULL = YES;
				CLANG_ANALYZER_NUMBER_OBJECT_CONVERSION = YES_AGGRESSIVE;
				CLANG_CXX_LANGUAGE_STANDARD = "gnu++14";
				CLANG_CXX_LIBRARY = "libc++";
				CLANG_ENABLE_MODULES = YES;
				CLANG_ENABLE_OBJC_ARC = YES;
				CLANG_WARN_BLOCK_CAPTURE_AUTORELEASING = YES;
				CLANG_WARN_BOOL_CONVERSION = YES;
				CLANG_WARN_COMMA = YES;
				CLANG_WARN_CONSTANT_CONVERSION = YES;
				CLANG_WARN_DIRECT_OBJC_ISA_USAGE = YES_ERROR;
				CLANG_WARN_DOCUMENTATION_COMMENTS = YES;
				CLANG_WARN_EMPTY_BODY = YES;
				CLANG_WARN_ENUM_CONVERSION = YES;
				CLANG_WARN_INFINITE_RECURSION = YES;
				CLANG_WARN_INT_CONVERSION = YES;
				CLANG_WARN_NON_LITERAL_NULL_CONVERSION = YES;
				CLANG_WARN_OBJC_LITERAL_CONVERSION = YES;
				CLANG_WARN_OBJC_ROOT_CLASS = YES_ERROR;
				CLANG_WARN_RANGE_LOOP_ANALYSIS = YES;
				CLANG_WARN_STRICT_PROTOTYPES = YES;
				CLANG_WARN_SUSPICIOUS_MOVE = YES;
				CLANG_WARN_UNGUARDED_AVAILABILITY = YES_AGGRESSIVE;
				CLANG_WARN_UNREACHABLE_CODE = YES;
				CLANG_WARN__DUPLICATE_METHOD_MATCH = YES;
				CODE_SIGN_IDENTITY = "iPhone Developer";
				COPY_PHASE_STRIP = NO;
				DEBUG_INFORMATION_FORMAT = dwarf;
				ENABLE_STRICT_OBJC_MSGSEND = YES;
				ENABLE_TESTABILITY = YES;
				GCC_C_LANGUAGE_STANDARD = gnu11;
				GCC_DYNAMIC_NO_PIC = NO;
				GCC_NO_COMMON_BLOCKS = YES;
				GCC_OPTIMIZATION_LEVEL = 0;
				GCC_PREPROCESSOR_DEFINITIONS = (
					"DEBUG=1",
					"$(inherited)",
				);
				GCC_WARN_64_TO_32_BIT_CONVERSION = YES;
				GCC_WARN_ABOUT_RETURN_TYPE = YES_ERROR;
				GCC_WARN_UNDECLARED_SELECTOR = YES;
				GCC_WARN_UNINITIALIZED_AUTOS = YES_AGGRESSIVE;
				GCC_WARN_UNUSED_FUNCTION = YES;
				GCC_WARN_UNUSED_VARIABLE = YES;
				IPHONEOS_DEPLOYMENT_TARGET = 11.2;
				MTL_ENABLE_DEBUG_INFO = YES;
				ONLY_ACTIVE_ARCH = YES;
				SDKROOT = iphoneos;
				SWIFT_ACTIVE_COMPILATION_CONDITIONS = DEBUG;
				SWIFT_OPTIMIZATION_LEVEL = "-Onone";
			};
			name = Debug;
		};
		2FE1C8621FF3685C0022FDBC /* Release */ = {
			isa = XCBuildConfiguration;
			buildSettings = {
				ALWAYS_SEARCH_USER_PATHS = NO;
				CLANG_ANALYZER_NONNULL = YES;
				CLANG_ANALYZER_NUMBER_OBJECT_CONVERSION = YES_AGGRESSIVE;
				CLANG_CXX_LANGUAGE_STANDARD = "gnu++14";
				CLANG_CXX_LIBRARY = "libc++";
				CLANG_ENABLE_MODULES = YES;
				CLANG_ENABLE_OBJC_ARC = YES;
				CLANG_WARN_BLOCK_CAPTURE_AUTORELEASING = YES;
				CLANG_WARN_BOOL_CONVERSION = YES;
				CLANG_WARN_COMMA = YES;
				CLANG_WARN_CONSTANT_CONVERSION = YES;
				CLANG_WARN_DIRECT_OBJC_ISA_USAGE = YES_ERROR;
				CLANG_WARN_DOCUMENTATION_COMMENTS = YES;
				CLANG_WARN_EMPTY_BODY = YES;
				CLANG_WARN_ENUM_CONVERSION = YES;
				CLANG_WARN_INFINITE_RECURSION = YES;
				CLANG_WARN_INT_CONVERSION = YES;
				CLANG_WARN_NON_LITERAL_NULL_CONVERSION = YES;
				CLANG_WARN_OBJC_LITERAL_CONVERSION = YES;
				CLANG_WARN_OBJC_ROOT_CLASS = YES_ERROR;
				CLANG_WARN_RANGE_LOOP_ANALYSIS = YES;
				CLANG_WARN_STRICT_PROTOTYPES = YES;
				CLANG_WARN_SUSPICIOUS_MOVE = YES;
				CLANG_WARN_UNGUARDED_AVAILABILITY = YES_AGGRESSIVE;
				CLANG_WARN_UNREACHABLE_CODE = YES;
				CLANG_WARN__DUPLICATE_METHOD_MATCH = YES;
				CODE_SIGN_IDENTITY = "iPhone Developer";
				COPY_PHASE_STRIP = NO;
				DEBUG_INFORMATION_FORMAT = "dwarf-with-dsym";
				ENABLE_NS_ASSERTIONS = NO;
				ENABLE_STRICT_OBJC_MSGSEND = YES;
				GCC_C_LANGUAGE_STANDARD = gnu11;
				GCC_NO_COMMON_BLOCKS = YES;
				GCC_WARN_64_TO_32_BIT_CONVERSION = YES;
				GCC_WARN_ABOUT_RETURN_TYPE = YES_ERROR;
				GCC_WARN_UNDECLARED_SELECTOR = YES;
				GCC_WARN_UNINITIALIZED_AUTOS = YES_AGGRESSIVE;
				GCC_WARN_UNUSED_FUNCTION = YES;
				GCC_WARN_UNUSED_VARIABLE = YES;
				IPHONEOS_DEPLOYMENT_TARGET = 11.2;
				MTL_ENABLE_DEBUG_INFO = NO;
				SDKROOT = iphoneos;
				SWIFT_OPTIMIZATION_LEVEL = "-Owholemodule";
				VALIDATE_PRODUCT = YES;
			};
			name = Release;
		};
		2FE1C8641FF3685C0022FDBC /* Debug */ = {
			isa = XCBuildConfiguration;
			buildSettings = {
				ASSETCATALOG_COMPILER_APPICON_NAME = AppIcon;
				"CODE_SIGN_IDENTITY[sdk=iphoneos*]" = "iPhone Developer";
				CODE_SIGN_STYLE = Automatic;
				DEVELOPMENT_TEAM = A7D489Q26L;
				INFOPLIST_FILE = FoodTracker/Info.plist;
				LD_RUNPATH_SEARCH_PATHS = "$(inherited) @executable_path/Frameworks";
				PRODUCT_BUNDLE_IDENTIFIER = apple.jin.747.FoodTracker;
				PRODUCT_NAME = "$(TARGET_NAME)";
				PROVISIONING_PROFILE_SPECIFIER = "";
				SWIFT_VERSION = 4.0;
				TARGETED_DEVICE_FAMILY = "1,2";
			};
			name = Debug;
		};
		2FE1C8651FF3685C0022FDBC /* Release */ = {
			isa = XCBuildConfiguration;
			buildSettings = {
				ASSETCATALOG_COMPILER_APPICON_NAME = AppIcon;
				"CODE_SIGN_IDENTITY[sdk=iphoneos*]" = "iPhone Developer";
				CODE_SIGN_STYLE = Automatic;
				DEVELOPMENT_TEAM = A7D489Q26L;
				INFOPLIST_FILE = FoodTracker/Info.plist;
				LD_RUNPATH_SEARCH_PATHS = "$(inherited) @executable_path/Frameworks";
				PRODUCT_BUNDLE_IDENTIFIER = apple.jin.747.FoodTracker;
				PRODUCT_NAME = "$(TARGET_NAME)";
				PROVISIONING_PROFILE_SPECIFIER = "";
				SWIFT_VERSION = 4.0;
				TARGETED_DEVICE_FAMILY = "1,2";
			};
			name = Release;
		};
		2FE1C8671FF3685C0022FDBC /* Debug */ = {
			isa = XCBuildConfiguration;
			buildSettings = {
				ALWAYS_EMBED_SWIFT_STANDARD_LIBRARIES = YES;
				BUNDLE_LOADER = "$(TEST_HOST)";
				CODE_SIGN_STYLE = Automatic;
				DEVELOPMENT_TEAM = A7D489Q26L;
				INFOPLIST_FILE = FoodTrackerTests/Info.plist;
				LD_RUNPATH_SEARCH_PATHS = "$(inherited) @executable_path/Frameworks @loader_path/Frameworks";
				PRODUCT_BUNDLE_IDENTIFIER = apple.jin.747.FoodTrackerTests;
				PRODUCT_NAME = "$(TARGET_NAME)";
				SWIFT_VERSION = 4.0;
				TARGETED_DEVICE_FAMILY = "1,2";
				TEST_HOST = "$(BUILT_PRODUCTS_DIR)/FoodTracker.app/FoodTracker";
			};
			name = Debug;
		};
		2FE1C8681FF3685C0022FDBC /* Release */ = {
			isa = XCBuildConfiguration;
			buildSettings = {
				ALWAYS_EMBED_SWIFT_STANDARD_LIBRARIES = YES;
				BUNDLE_LOADER = "$(TEST_HOST)";
				CODE_SIGN_STYLE = Automatic;
				DEVELOPMENT_TEAM = A7D489Q26L;
				INFOPLIST_FILE = FoodTrackerTests/Info.plist;
				LD_RUNPATH_SEARCH_PATHS = "$(inherited) @executable_path/Frameworks @loader_path/Frameworks";
				PRODUCT_BUNDLE_IDENTIFIER = apple.jin.747.FoodTrackerTests;
				PRODUCT_NAME = "$(TARGET_NAME)";
				SWIFT_VERSION = 4.0;
				TARGETED_DEVICE_FAMILY = "1,2";
				TEST_HOST = "$(BUILT_PRODUCTS_DIR)/FoodTracker.app/FoodTracker";
			};
			name = Release;
		};
/* End XCBuildConfiguration section */

/* Begin XCConfigurationList section */
		2FE1C8411FF3685B0022FDBC /* Build configuration list for PBXProject "FoodTracker" */ = {
			isa = XCConfigurationList;
			buildConfigurations = (
				2FE1C8611FF3685C0022FDBC /* Debug */,
				2FE1C8621FF3685C0022FDBC /* Release */,
			);
			defaultConfigurationIsVisible = 0;
			defaultConfigurationName = Release;
		};
		2FE1C8631FF3685C0022FDBC /* Build configuration list for PBXNativeTarget "FoodTracker" */ = {
			isa = XCConfigurationList;
			buildConfigurations = (
				2FE1C8641FF3685C0022FDBC /* Debug */,
				2FE1C8651FF3685C0022FDBC /* Release */,
			);
			defaultConfigurationIsVisible = 0;
			defaultConfigurationName = Release;
		};
		2FE1C8661FF3685C0022FDBC /* Build configuration list for PBXNativeTarget "FoodTrackerTests" */ = {
			isa = XCConfigurationList;
			buildConfigurations = (
				2FE1C8671FF3685C0022FDBC /* Debug */,
				2FE1C8681FF3685C0022FDBC /* Release */,
			);
			defaultConfigurationIsVisible = 0;
			defaultConfigurationName = Release;
		};
/* End XCConfigurationList section */
	};
	rootObject = 2FE1C83E1FF3685B0022FDBC /* Project object */;
}
